# Pinned dependencies for reproducible CI builds.
# Generated from requirements.txt + requirements-dev.txt.
# Regenerate with: python scripts/_gen_lock.py
torch==2.11.0+cu128
transformers==5.12.1
peft==0.19.1
datasets==5.0.0
accelerate==1.14.0
safetensors==0.8.0
scipy==1.17.1
numpy==2.4.6
pandas==3.0.3
tqdm==4.68.3
matplotlib==3.11.0
fastapi==0.136.3
uvicorn==0.49.0
jinja2==3.1.6
pydantic==2.13.4
PyYAML==6.0.3
pytest==8.4.2
pytest-cov==4.1.0
ruff==0.15.17
httpx==0.28.1
sentencepiece
textblob
vaderSentiment
mypy
